// !$*UTF8*$!
{
	archiveVersion = 1;
	classes = {
	};
	objectVersion = 50;
	objects = {

/* Begin PBXBuildFile section */
		031C987D2417C05B00E5DA99 /* degreesRadians.swift in Sources */ = {isa = PBXBuildFile; fileRef = 031C987C2417C05B00E5DA99 /* degreesRadians.swift */; };
		0321AE70241F027F00FD964B /* PlayerLegs.swift in Sources */ = {isa = PBXBuildFile; fileRef = 0321AE6F241F027F00FD964B /* PlayerLegs.swift */; };
		0321AE72241F09B400FD964B /* Collisions.swift in Sources */ = {isa = PBXBuildFile; fileRef = 0321AE71241F09B400FD964B /* Collisions.swift */; };
		0321AE74241F0A3200FD964B /* ResetGame.swift in Sources */ = {isa = PBXBuildFile; fileRef = 0321AE73241F0A3200FD964B /* ResetGame.swift */; };
		0321AE76241F0AB000FD964B /* Gestures.swift in Sources */ = {isa = PBXBuildFile; fileRef = 0321AE75241F0AB000FD964B /* Gestures.swift */; };
		0321AE78241F1DD400FD964B /* PlayerMovement.swift in Sources */ = {isa = PBXBuildFile; fileRef = 0321AE77241F1DD400FD964B /* PlayerMovement.swift */; };
		0321AE7A241F217100FD964B /* Camera.swift in Sources */ = {isa = PBXBuildFile; fileRef = 0321AE79241F217100FD964B /* Camera.swift */; };
		0321AE7C241F21C100FD964B /* TileController.swift in Sources */ = {isa = PBXBuildFile; fileRef = 0321AE7B241F21C100FD964B /* TileController.swift */; };
		0321AE7E241FA5CD00FD964B /* Button.swift in Sources */ = {isa = PBXBuildFile; fileRef = 0321AE7D241FA5CD00FD964B /* Button.swift */; };
		0321AE80241FA6AB00FD964B /* ButtonDelegate.swift in Sources */ = {isa = PBXBuildFile; fileRef = 0321AE7F241FA6AB00FD964B /* ButtonDelegate.swift */; };
		0321AE83241FB63E00FD964B /* GameKit.framework in Frameworks */ = {isa = PBXBuildFile; fileRef = 0321AE82241FB63D00FD964B /* GameKit.framework */; };
		0321AE89241FB77D00FD964B /* GameCenterHelper.swift in Sources */ = {isa = PBXBuildFile; fileRef = 0321AE88241FB77D00FD964B /* GameCenterHelper.swift */; };
		0321AE8B24206B8000FD964B /* Foothold.swift in Sources */ = {isa = PBXBuildFile; fileRef = 0321AE8A24206B7E00FD964B /* Foothold.swift */; };
		0321AE8D242106AB00FD964B /* CGSize.swift in Sources */ = {isa = PBXBuildFile; fileRef = 0321AE8C242106AB00FD964B /* CGSize.swift */; };
		033B6B05241C872400ED684A /* Assets.xcassets in Resources */ = {isa = PBXBuildFile; fileRef = 037D7015241C859900389B75 /* Assets.xcassets */; };
		034ADA96241C5FB300FDB42B /* Existence-Light.otf in Resources */ = {isa = PBXBuildFile; fileRef = 034ADA95241C5EE600FDB42B /* Existence-Light.otf */; };
		03FA993D240FCB2400B96E5E /* AppDelegate.swift in Sources */ = {isa = PBXBuildFile; fileRef = 03FA993C240FCB2400B96E5E /* AppDelegate.swift */; };
		03FA993F240FCB2400B96E5E /* GameScene.sks in Resources */ = {isa = PBXBuildFile; fileRef = 03FA993E240FCB2400B96E5E /* GameScene.sks */; };
		03FA9941240FCB2400B96E5E /* Actions.sks in Resources */ = {isa = PBXBuildFile; fileRef = 03FA9940240FCB2400B96E5E /* Actions.sks */; };
		03FA9943240FCB2400B96E5E /* GameScene.swift in Sources */ = {isa = PBXBuildFile; fileRef = 03FA9942240FCB2400B96E5E /* GameScene.swift */; };
		03FA9945240FCB2400B96E5E /* GameViewController.swift in Sources */ = {isa = PBXBuildFile; fileRef = 03FA9944240FCB2400B96E5E /* GameViewController.swift */; };
		03FA9948240FCB2400B96E5E /* Main.storyboard in Resources */ = {isa = PBXBuildFile; fileRef = 03FA9946240FCB2400B96E5E /* Main.storyboard */; };
		03FA994D240FCB2800B96E5E /* LaunchScreen.storyboard in Resources */ = {isa = PBXBuildFile; fileRef = 03FA994B240FCB2800B96E5E /* LaunchScreen.storyboard */; };
		03FA9955240FCF8400B96E5E /* Player.swift in Sources */ = {isa = PBXBuildFile; fileRef = 03FA9954240FCF8400B96E5E /* Player.swift */; };
		03FA99572411405A00B96E5E /* Tile.swift in Sources */ = {isa = PBXBuildFile; fileRef = 03FA99562411405A00B96E5E /* Tile.swift */; };
		03FA99592414555500B96E5E /* CGPoint.swift in Sources */ = {isa = PBXBuildFile; fileRef = 03FA99582414555400B96E5E /* CGPoint.swift */; };
		03FA995B241455C100B96E5E /* SpriteNode.swift in Sources */ = {isa = PBXBuildFile; fileRef = 03FA995A241455C100B96E5E /* SpriteNode.swift */; };
		03FA995F2414666D00B96E5E /* Lava.swift in Sources */ = {isa = PBXBuildFile; fileRef = 03FA995E2414666D00B96E5E /* Lava.swift */; };
		03FA99612415668600B96E5E /* Enemy.swift in Sources */ = {isa = PBXBuildFile; fileRef = 03FA99602415668600B96E5E /* Enemy.swift */; };
/* End PBXBuildFile section */

/* Begin PBXFileReference section */
		031C987C2417C05B00E5DA99 /* degreesRadians.swift */ = {isa = PBXFileReference; lastKnownFileType = sourcecode.swift; path = degreesRadians.swift; sourceTree = "<group>"; };
		0321AE6F241F027F00FD964B /* PlayerLegs.swift */ = {isa = PBXFileReference; lastKnownFileType = sourcecode.swift; path = PlayerLegs.swift; sourceTree = "<group>"; };
		0321AE71241F09B400FD964B /* Collisions.swift */ = {isa = PBXFileReference; lastKnownFileType = sourcecode.swift; path = Collisions.swift; sourceTree = "<group>"; };
		0321AE73241F0A3200FD964B /* ResetGame.swift */ = {isa = PBXFileReference; lastKnownFileType = sourcecode.swift; path = ResetGame.swift; sourceTree = "<group>"; };
		0321AE75241F0AB000FD964B /* Gestures.swift */ = {isa = PBXFileReference; lastKnownFileType = sourcecode.swift; path = Gestures.swift; sourceTree = "<group>"; };
		0321AE77241F1DD400FD964B /* PlayerMovement.swift */ = {isa = PBXFileReference; lastKnownFileType = sourcecode.swift; path = PlayerMovement.swift; sourceTree = "<group>"; };
		0321AE79241F217100FD964B /* Camera.swift */ = {isa = PBXFileReference; lastKnownFileType = sourcecode.swift; path = Camera.swift; sourceTree = "<group>"; };
		0321AE7B241F21C100FD964B /* TileController.swift */ = {isa = PBXFileReference; lastKnownFileType = sourcecode.swift; path = TileController.swift; sourceTree = "<group>"; };
		0321AE7D241FA5CD00FD964B /* Button.swift */ = {isa = PBXFileReference; lastKnownFileType = sourcecode.swift; path = Button.swift; sourceTree = "<group>"; };
		0321AE7F241FA6AB00FD964B /* ButtonDelegate.swift */ = {isa = PBXFileReference; lastKnownFileType = sourcecode.swift; path = ButtonDelegate.swift; sourceTree = "<group>"; };
		0321AE82241FB63D00FD964B /* GameKit.framework */ = {isa = PBXFileReference; lastKnownFileType = wrapper.framework; name = GameKit.framework; path = System/Library/Frameworks/GameKit.framework; sourceTree = SDKROOT; };
		0321AE88241FB77D00FD964B /* GameCenterHelper.swift */ = {isa = PBXFileReference; fileEncoding = 4; lastKnownFileType = sourcecode.swift; path = GameCenterHelper.swift; sourceTree = "<group>"; };
		0321AE8A24206B7E00FD964B /* Foothold.swift */ = {isa = PBXFileReference; lastKnownFileType = sourcecode.swift; path = Foothold.swift; sourceTree = "<group>"; };
		0321AE8C242106AB00FD964B /* CGSize.swift */ = {isa = PBXFileReference; lastKnownFileType = sourcecode.swift; path = CGSize.swift; sourceTree = "<group>"; };
		034ADA95241C5EE600FDB42B /* Existence-Light.otf */ = {isa = PBXFileReference; lastKnownFileType = file; path = "Existence-Light.otf"; sourceTree = "<group>"; };
		037D7015241C859900389B75 /* Assets.xcassets */ = {isa = PBXFileReference; lastKnownFileType = folder.assetcatalog; path = Assets.xcassets; sourceTree = "<group>"; };
		03FA9939240FCB2400B96E5E /* Monster Climb.app */ = {isa = PBXFileReference; explicitFileType = wrapper.application; includeInIndex = 0; path = "Monster Climb.app"; sourceTree = BUILT_PRODUCTS_DIR; };
		03FA993C240FCB2400B96E5E /* AppDelegate.swift */ = {isa = PBXFileReference; lastKnownFileType = sourcecode.swift; path = AppDelegate.swift; sourceTree = "<group>"; };
		03FA993E240FCB2400B96E5E /* GameScene.sks */ = {isa = PBXFileReference; lastKnownFileType = file.sks; path = GameScene.sks; sourceTree = "<group>"; };
		03FA9940240FCB2400B96E5E /* Actions.sks */ = {isa = PBXFileReference; lastKnownFileType = file.sks; path = Actions.sks; sourceTree = "<group>"; };
		03FA9942240FCB2400B96E5E /* GameScene.swift */ = {isa = PBXFileReference; lastKnownFileType = sourcecode.swift; path = GameScene.swift; sourceTree = "<group>"; };
		03FA9944240FCB2400B96E5E /* GameViewController.swift */ = {isa = PBXFileReference; lastKnownFileType = sourcecode.swift; path = GameViewController.swift; sourceTree = "<group>"; };
		03FA9947240FCB2400B96E5E /* Base */ = {isa = PBXFileReference; lastKnownFileType = file.storyboard; name = Base; path = Base.lproj/Main.storyboard; sourceTree = "<group>"; };
		03FA994C240FCB2800B96E5E /* Base */ = {isa = PBXFileReference; lastKnownFileType = file.storyboard; name = Base; path = Base.lproj/LaunchScreen.storyboard; sourceTree = "<group>"; };
		03FA994E240FCB2800B96E5E /* Info.plist */ = {isa = PBXFileReference; lastKnownFileType = text.plist.xml; path = Info.plist; sourceTree = "<group>"; };
		03FA9954240FCF8400B96E5E /* Player.swift */ = {isa = PBXFileReference; lastKnownFileType = sourcecode.swift; path = Player.swift; sourceTree = "<group>"; };
		03FA99562411405A00B96E5E /* Tile.swift */ = {isa = PBXFileReference; lastKnownFileType = sourcecode.swift; path = Tile.swift; sourceTree = "<group>"; };
		03FA99582414555400B96E5E /* CGPoint.swift */ = {isa = PBXFileReference; lastKnownFileType = sourcecode.swift; path = CGPoint.swift; sourceTree = "<group>"; };
		03FA995A241455C100B96E5E /* SpriteNode.swift */ = {isa = PBXFileReference; lastKnownFileType = sourcecode.swift; path = SpriteNode.swift; sourceTree = "<group>"; };
		03FA995E2414666D00B96E5E /* Lava.swift */ = {isa = PBXFileReference; lastKnownFileType = sourcecode.swift; path = Lava.swift; sourceTree = "<group>"; };
		03FA99602415668600B96E5E /* Enemy.swift */ = {isa = PBXFileReference; lastKnownFileType = sourcecode.swift; path = Enemy.swift; sourceTree = "<group>"; };
/* End PBXFileReference section */

/* Begin PBXFrameworksBuildPhase section */
		03FA9936240FCB2400B96E5E /* Frameworks */ = {
			isa = PBXFrameworksBuildPhase;
			buildActionMask = 2147483647;
			files = (
				0321AE83241FB63E00FD964B /* GameKit.framework in Frameworks */,
			);
			runOnlyForDeploymentPostprocessing = 0;
		};
/* End PBXFrameworksBuildPhase section */

/* Begin PBXGroup section */
		0321AE68241F017C00FD964B /* Player */ = {
			isa = PBXGroup;
			children = (
				03FA9954240FCF8400B96E5E /* Player.swift */,
			);
			path = Player;
			sourceTree = "<group>";
		};
		0321AE69241F01A000FD964B /* Enemies */ = {
			isa = PBXGroup;
			children = (
				03FA99602415668600B96E5E /* Enemy.swift */,
			);
			path = Enemies;
			sourceTree = "<group>";
		};
		0321AE6A241F01B400FD964B /* Lava */ = {
			isa = PBXGroup;
			children = (
				03FA995E2414666D00B96E5E /* Lava.swift */,
			);
			path = Lava;
			sourceTree = "<group>";
		};
		0321AE6B241F01D200FD964B /* Tiles */ = {
			isa = PBXGroup;
			children = (
				03FA99562411405A00B96E5E /* Tile.swift */,
				0321AE8A24206B7E00FD964B /* Foothold.swift */,
			);
			path = Tiles;
			sourceTree = "<group>";
		};
		0321AE6C241F01EC00FD964B /* Resources */ = {
			isa = PBXGroup;
			children = (
				0321AE6D241F01F900FD964B /* Fonts */,
			);
			path = Resources;
			sourceTree = "<group>";
		};
		0321AE6D241F01F900FD964B /* Fonts */ = {
			isa = PBXGroup;
			children = (
				034ADA95241C5EE600FDB42B /* Existence-Light.otf */,
			);
			path = Fonts;
			sourceTree = "<group>";
		};
		0321AE6E241F026400FD964B /* Game Controller */ = {
			isa = PBXGroup;
			children = (
				0321AE6F241F027F00FD964B /* PlayerLegs.swift */,
				0321AE71241F09B400FD964B /* Collisions.swift */,
				0321AE73241F0A3200FD964B /* ResetGame.swift */,
				0321AE75241F0AB000FD964B /* Gestures.swift */,
				0321AE77241F1DD400FD964B /* PlayerMovement.swift */,
				0321AE79241F217100FD964B /* Camera.swift */,
				0321AE7B241F21C100FD964B /* TileController.swift */,
				0321AE7F241FA6AB00FD964B /* ButtonDelegate.swift */,
			);
			path = "Game Controller";
			sourceTree = "<group>";
		};
		0321AE81241FB63D00FD964B /* Frameworks */ = {
			isa = PBXGroup;
			children = (
				0321AE82241FB63D00FD964B /* GameKit.framework */,
			);
			name = Frameworks;
			sourceTree = "<group>";
		};
		03FA9930240FCB2400B96E5E = {
			isa = PBXGroup;
			children = (
				03FA993B240FCB2400B96E5E /* nano4 */,
				03FA993A240FCB2400B96E5E /* Products */,
				0321AE81241FB63D00FD964B /* Frameworks */,
			);
			sourceTree = "<group>";
		};
		03FA993A240FCB2400B96E5E /* Products */ = {
			isa = PBXGroup;
			children = (
				03FA9939240FCB2400B96E5E /* Monster Climb.app */,
			);
			name = Products;
			sourceTree = "<group>";
		};
		03FA993B240FCB2400B96E5E /* nano4 */ = {
			isa = PBXGroup;
			children = (
				0321AE6E241F026400FD964B /* Game Controller */,
				0321AE68241F017C00FD964B /* Player */,
				0321AE6C241F01EC00FD964B /* Resources */,
				03FA993C240FCB2400B96E5E /* AppDelegate.swift */,
				03FA993E240FCB2400B96E5E /* GameScene.sks */,
				03FA9940240FCB2400B96E5E /* Actions.sks */,
				03FA9942240FCB2400B96E5E /* GameScene.swift */,
				03FA9944240FCB2400B96E5E /* GameViewController.swift */,
				03FA9946240FCB2400B96E5E /* Main.storyboard */,
				03FA994B240FCB2800B96E5E /* LaunchScreen.storyboard */,
				03FA994E240FCB2800B96E5E /* Info.plist */,
				0321AE88241FB77D00FD964B /* GameCenterHelper.swift */,
				0321AE6B241F01D200FD964B /* Tiles */,
				03FA995D2414562900B96E5E /* Extensions */,
				0321AE6A241F01B400FD964B /* Lava */,
				0321AE69241F01A000FD964B /* Enemies */,
				037D7015241C859900389B75 /* Assets.xcassets */,
			);
			path = nano4;
			sourceTree = "<group>";
		};
		03FA995D2414562900B96E5E /* Extensions */ = {
			isa = PBXGroup;
			children = (
				03FA99582414555400B96E5E /* CGPoint.swift */,
				03FA995A241455C100B96E5E /* SpriteNode.swift */,
				031C987C2417C05B00E5DA99 /* degreesRadians.swift */,
				0321AE7D241FA5CD00FD964B /* Button.swift */,
				0321AE8C242106AB00FD964B /* CGSize.swift */,
			);
			path = Extensions;
			sourceTree = "<group>";
		};
/* End PBXGroup section */

/* Begin PBXNativeTarget section */
		03FA9938240FCB2400B96E5E /* nano4 */ = {
			isa = PBXNativeTarget;
			buildConfigurationList = 03FA9951240FCB2800B96E5E /* Build configuration list for PBXNativeTarget "nano4" */;
			buildPhases = (
				03FA9935240FCB2400B96E5E /* Sources */,
				03FA9936240FCB2400B96E5E /* Frameworks */,
				03FA9937240FCB2400B96E5E /* Resources */,
			);
			buildRules = (
			);
			dependencies = (
			);
			name = nano4;
			productName = nano4;
			productReference = 03FA9939240FCB2400B96E5E /* Monster Climb.app */;
			productType = "com.apple.product-type.application";
		};
/* End PBXNativeTarget section */

/* Begin PBXProject section */
		03FA9931240FCB2400B96E5E /* Project object */ = {
			isa = PBXProject;
			attributes = {
				LastSwiftUpdateCheck = 1130;
				LastUpgradeCheck = 1130;
				ORGANIZATIONNAME = "Felipe Mesquita";
				TargetAttributes = {
					03FA9938240FCB2400B96E5E = {
						CreatedOnToolsVersion = 11.3.1;
					};
				};
			};
			buildConfigurationList = 03FA9934240FCB2400B96E5E /* Build configuration list for PBXProject "nano4" */;
			compatibilityVersion = "Xcode 9.3";
			developmentRegion = en;
			hasScannedForEncodings = 0;
			knownRegions = (
				en,
				Base,
			);
			mainGroup = 03FA9930240FCB2400B96E5E;
			productRefGroup = 03FA993A240FCB2400B96E5E /* Products */;
			projectDirPath = "";
			projectRoot = "";
			targets = (
				03FA9938240FCB2400B96E5E /* nano4 */,
			);
		};
/* End PBXProject section */

/* Begin PBXResourcesBuildPhase section */
		03FA9937240FCB2400B96E5E /* Resources */ = {
			isa = PBXResourcesBuildPhase;
			buildActionMask = 2147483647;
			files = (
				033B6B05241C872400ED684A /* Assets.xcassets in Resources */,
				03FA9948240FCB2400B96E5E /* Main.storyboard in Resources */,
				034ADA96241C5FB300FDB42B /* Existence-Light.otf in Resources */,
				03FA993F240FCB2400B96E5E /* GameScene.sks in Resources */,
				03FA994D240FCB2800B96E5E /* LaunchScreen.storyboard in Resources */,
				03FA9941240FCB2400B96E5E /* Actions.sks in Resources */,
			);
			runOnlyForDeploymentPostprocessing = 0;
		};
/* End PBXResourcesBuildPhase section */

/* Begin PBXSourcesBuildPhase section */
		03FA9935240FCB2400B96E5E /* Sources */ = {
			isa = PBXSourcesBuildPhase;
			buildActionMask = 2147483647;
			files = (
				0321AE8D242106AB00FD964B /* CGSize.swift in Sources */,
				0321AE7A241F217100FD964B /* Camera.swift in Sources */,
				03FA9943240FCB2400B96E5E /* GameScene.swift in Sources */,
				03FA995F2414666D00B96E5E /* Lava.swift in Sources */,
				03FA9945240FCB2400B96E5E /* GameViewController.swift in Sources */,
				0321AE89241FB77D00FD964B /* GameCenterHelper.swift in Sources */,
				03FA99572411405A00B96E5E /* Tile.swift in Sources */,
				0321AE70241F027F00FD964B /* PlayerLegs.swift in Sources */,
				0321AE76241F0AB000FD964B /* Gestures.swift in Sources */,
				0321AE7E241FA5CD00FD964B /* Button.swift in Sources */,
				031C987D2417C05B00E5DA99 /* degreesRadians.swift in Sources */,
				03FA993D240FCB2400B96E5E /* AppDelegate.swift in Sources */,
				0321AE74241F0A3200FD964B /* ResetGame.swift in Sources */,
				0321AE78241F1DD400FD964B /* PlayerMovement.swift in Sources */,
				03FA99612415668600B96E5E /* Enemy.swift in Sources */,
				03FA995B241455C100B96E5E /* SpriteNode.swift in Sources */,
				03FA9955240FCF8400B96E5E /* Player.swift in Sources */,
				0321AE80241FA6AB00FD964B /* ButtonDelegate.swift in Sources */,
				0321AE72241F09B400FD964B /* Collisions.swift in Sources */,
				0321AE8B24206B8000FD964B /* Foothold.swift in Sources */,
				0321AE7C241F21C100FD964B /* TileController.swift in Sources */,
				03FA99592414555500B96E5E /* CGPoint.swift in Sources */,
			);
			runOnlyForDeploymentPostprocessing = 0;
		};
/* End PBXSourcesBuildPhase section */

/* Begin PBXVariantGroup section */
		03FA9946240FCB2400B96E5E /* Main.storyboard */ = {
			isa = PBXVariantGroup;
			children = (
				03FA9947240FCB2400B96E5E /* Base */,
			);
			name = Main.storyboard;
			sourceTree = "<group>";
		};
		03FA994B240FCB2800B96E5E /* LaunchScreen.storyboard */ = {
			isa = PBXVariantGroup;
			children = (
				03FA994C240FCB2800B96E5E /* Base */,
			);
			name = LaunchScreen.storyboard;
			sourceTree = "<group>";
		};
/* End PBXVariantGroup section */

/* Begin XCBuildConfiguration section */
		03FA994F240FCB2800B96E5E /* Debug */ = {
			isa = XCBuildConfiguration;
			buildSettings = {
				ALWAYS_SEARCH_USER_PATHS = NO;
				CLANG_ANALYZER_NONNULL = YES;
				CLANG_ANALYZER_NUMBER_OBJECT_CONVERSION = YES_AGGRESSIVE;
				CLANG_CXX_LANGUAGE_STANDARD = "gnu++14";
				CLANG_CXX_LIBRARY = "libc++";
				CLANG_ENABLE_MODULES = YES;
				CLANG_ENABLE_OBJC_ARC = YES;
				CLANG_ENABLE_OBJC_WEAK = YES;
				CLANG_WARN_BLOCK_CAPTURE_AUTORELEASING = YES;
				CLANG_WARN_BOOL_CONVERSION = YES;
				CLANG_WARN_COMMA = YES;
				CLANG_WARN_CONSTANT_CONVERSION = YES;
				CLANG_WARN_DEPRECATED_OBJC_IMPLEMENTATIONS = YES;
				CLANG_WARN_DIRECT_OBJC_ISA_USAGE = YES_ERROR;
				CLANG_WARN_DOCUMENTATION_COMMENTS = YES;
				CLANG_WARN_EMPTY_BODY = YES;
				CLANG_WARN_ENUM_CONVERSION = YES;
				CLANG_WARN_INFINITE_RECURSION = YES;
				CLANG_WARN_INT_CONVERSION = YES;
				CLANG_WARN_NON_LITERAL_NULL_CONVERSION = YES;
				CLANG_WARN_OBJC_IMPLICIT_RETAIN_SELF = YES;
				CLANG_WARN_OBJC_LITERAL_CONVERSION = YES;
				CLANG_WARN_OBJC_ROOT_CLASS = YES_ERROR;
				CLANG_WARN_RANGE_LOOP_ANALYSIS = YES;
				CLANG_WARN_STRICT_PROTOTYPES = YES;
				CLANG_WARN_SUSPICIOUS_MOVE = YES;
				CLANG_WARN_UNGUARDED_AVAILABILITY = YES_AGGRESSIVE;
				CLANG_WARN_UNREACHABLE_CODE = YES;
				CLANG_WARN__DUPLICATE_METHOD_MATCH = YES;
				COPY_PHASE_STRIP = NO;
				DEBUG_INFORMATION_FORMAT = dwarf;
				ENABLE_STRICT_OBJC_MSGSEND = YES;
				ENABLE_TESTABILITY = YES;
				GCC_C_LANGUAGE_STANDARD = gnu11;
				GCC_DYNAMIC_NO_PIC = NO;
				GCC_NO_COMMON_BLOCKS = YES;
				GCC_OPTIMIZATION_LEVEL = 0;
				GCC_PREPROCESSOR_DEFINITIONS = (
					"DEBUG=1",
					"$(inherited)",
				);
				GCC_WARN_64_TO_32_BIT_CONVERSION = YES;
				GCC_WARN_ABOUT_RETURN_TYPE = YES_ERROR;
				GCC_WARN_UNDECLARED_SELECTOR = YES;
				GCC_WARN_UNINITIALIZED_AUTOS = YES_AGGRESSIVE;
				GCC_WARN_UNUSED_FUNCTION = YES;
				GCC_WARN_UNUSED_VARIABLE = YES;
				IPHONEOS_DEPLOYMENT_TARGET = 13.2;
				MTL_ENABLE_DEBUG_INFO = INCLUDE_SOURCE;
				MTL_FAST_MATH = YES;
				ONLY_ACTIVE_ARCH = YES;
				SDKROOT = iphoneos;
				SWIFT_ACTIVE_COMPILATION_CONDITIONS = DEBUG;
				SWIFT_OPTIMIZATION_LEVEL = "-Onone";
			};
			name = Debug;
		};
		03FA9950240FCB2800B96E5E /* Release */ = {
			isa = XCBuildConfiguration;
			buildSettings = {
				ALWAYS_SEARCH_USER_PATHS = NO;
				CLANG_ANALYZER_NONNULL = YES;
				CLANG_ANALYZER_NUMBER_OBJECT_CONVERSION = YES_AGGRESSIVE;
				CLANG_CXX_LANGUAGE_STANDARD = "gnu++14";
				CLANG_CXX_LIBRARY = "libc++";
				CLANG_ENABLE_MODULES = YES;
				CLANG_ENABLE_OBJC_ARC = YES;
				CLANG_ENABLE_OBJC_WEAK = YES;
				CLANG_WARN_BLOCK_CAPTURE_AUTORELEASING = YES;
				CLANG_WARN_BOOL_CONVERSION = YES;
				CLANG_WARN_COMMA = YES;
				CLANG_WARN_CONSTANT_CONVERSION = YES;
				CLANG_WARN_DEPRECATED_OBJC_IMPLEMENTATIONS = YES;
				CLANG_WARN_DIRECT_OBJC_ISA_USAGE = YES_ERROR;
				CLANG_WARN_DOCUMENTATION_COMMENTS = YES;
				CLANG_WARN_EMPTY_BODY = YES;
				CLANG_WARN_ENUM_CONVERSION = YES;
				CLANG_WARN_INFINITE_RECURSION = YES;
				CLANG_WARN_INT_CONVERSION = YES;
				CLANG_WARN_NON_LITERAL_NULL_CONVERSION = YES;
				CLANG_WARN_OBJC_IMPLICIT_RETAIN_SELF = YES;
				CLANG_WARN_OBJC_LITERAL_CONVERSION = YES;
				CLANG_WARN_OBJC_ROOT_CLASS = YES_ERROR;
				CLANG_WARN_RANGE_LOOP_ANALYSIS = YES;
				CLANG_WARN_STRICT_PROTOTYPES = YES;
				CLANG_WARN_SUSPICIOUS_MOVE = YES;
				CLANG_WARN_UNGUARDED_AVAILABILITY = YES_AGGRESSIVE;
				CLANG_WARN_UNREACHABLE_CODE = YES;
				CLANG_WARN__DUPLICATE_METHOD_MATCH = YES;
				COPY_PHASE_STRIP = NO;
				DEBUG_INFORMATION_FORMAT = "dwarf-with-dsym";
				ENABLE_NS_ASSERTIONS = NO;
				ENABLE_STRICT_OBJC_MSGSEND = YES;
				GCC_C_LANGUAGE_STANDARD = gnu11;
				GCC_NO_COMMON_BLOCKS = YES;
				GCC_WARN_64_TO_32_BIT_CONVERSION = YES;
				GCC_WARN_ABOUT_RETURN_TYPE = YES_ERROR;
				GCC_WARN_UNDECLARED_SELECTOR = YES;
				GCC_WARN_UNINITIALIZED_AUTOS = YES_AGGRESSIVE;
				GCC_WARN_UNUSED_FUNCTION = YES;
				GCC_WARN_UNUSED_VARIABLE = YES;
				IPHONEOS_DEPLOYMENT_TARGET = 13.2;
				MTL_ENABLE_DEBUG_INFO = NO;
				MTL_FAST_MATH = YES;
				SDKROOT = iphoneos;
				SWIFT_COMPILATION_MODE = wholemodule;
				SWIFT_OPTIMIZATION_LEVEL = "-O";
				VALIDATE_PRODUCT = YES;
			};
			name = Release;
		};
		03FA9952240FCB2800B96E5E /* Debug */ = {
			isa = XCBuildConfiguration;
			buildSettings = {
				ASSETCATALOG_COMPILER_APPICON_NAME = AppIcon;
				CODE_SIGN_STYLE = Automatic;
				DEVELOPMENT_TEAM = 5D66GV6LYZ;
				INFOPLIST_FILE = nano4/Info.plist;
				LD_RUNPATH_SEARCH_PATHS = (
					"$(inherited)",
					"@executable_path/Frameworks",
				);
				PRODUCT_BUNDLE_IDENTIFIER = com.nagare.climbMonster;
				PRODUCT_NAME = "Monster Climb";
				SWIFT_VERSION = 5.0;
				TARGETED_DEVICE_FAMILY = "1,2";
			};
			name = Debug;
		};
		03FA9953240FCB2800B96E5E /* Release */ = {
			isa = XCBuildConfiguration;
			buildSettings = {
				ASSETCATALOG_COMPILER_APPICON_NAME = AppIcon;
				CODE_SIGN_STYLE = Automatic;
				DEVELOPMENT_TEAM = 5D66GV6LYZ;
				INFOPLIST_FILE = nano4/Info.plist;
				LD_RUNPATH_SEARCH_PATHS = (
					"$(inherited)",
					"@executable_path/Frameworks",
				);
				PRODUCT_BUNDLE_IDENTIFIER = com.nagare.climbMonster;
				PRODUCT_NAME = "Monster Climb";
				SWIFT_VERSION = 5.0;
				TARGETED_DEVICE_FAMILY = "1,2";
			};
			name = Release;
		};
/* End XCBuildConfiguration section */

/* Begin XCConfigurationList section */
		03FA9934240FCB2400B96E5E /* Build configuration list for PBXProject "nano4" */ = {
			isa = XCConfigurationList;
			buildConfigurations = (
				03FA994F240FCB2800B96E5E /* Debug */,
				03FA9950240FCB2800B96E5E /* Release */,
			);
			defaultConfigurationIsVisible = 0;
			defaultConfigurationName = Release;
		};
		03FA9951240FCB2800B96E5E /* Build configuration list for PBXNativeTarget "nano4" */ = {
			isa = XCConfigurationList;
			buildConfigurations = (
				03FA9952240FCB2800B96E5E /* Debug */,
				03FA9953240FCB2800B96E5E /* Release */,
			);
			defaultConfigurationIsVisible = 0;
			defaultConfigurationName = Release;
		};
/* End XCConfigurationList section */
	};
	rootObject = 03FA9931240FCB2400B96E5E /* Project object */;
}
